
Microsoft Visual Studio Solution File, Format Version 12.00
# Visual Studio 15
VisualStudioVersion = 15.0.27130.2036
MinimumVisualStudioVersion = 10.0.40219.1
Project("{FAE04EC0-301F-11D3-BF4B-00C04F79EFBC}") = "Terms.UI", "Terms.UI\Terms.UI.csproj", "{E3959A5F-87AE-4189-854C-A3AB037EF67F}"
EndProject
Project("{FAE04EC0-301F-11D3-BF4B-00C04F79EFBC}") = "Terms.UI.Tools", "Terms.UI.Tools\Terms.UI.Tools.csproj", "{7112B0A9-0309-4404-81BF-DC33A82E7BFA}"
EndProject
Project("{FAE04EC0-301F-11D3-BF4B-00C04F79EFBC}") = "Terms.Tools", "Terms.Tools\Terms.Tools.csproj", "{ABF1ADDB-C8DC-4AA4-BFEA-C8680C3905CA}"
EndProject
Global
	GlobalSection(SolutionConfigurationPlatforms) = preSolution
		Debug|Any CPU = Debug|Any CPU
		Debug|x64 = Debug|x64
		Release|Any CPU = Release|Any CPU
		Release|x64 = Release|x64
	EndGlobalSection
	GlobalSection(ProjectConfigurationPlatforms) = postSolution
		{E3959A5F-87AE-4189-854C-A3AB037EF67F}.Debug|Any CPU.ActiveCfg = Debug|Any CPU
		{E3959A5F-87AE-4189-854C-A3AB037EF67F}.Debug|Any CPU.Build.0 = Debug|Any CPU
		{E3959A5F-87AE-4189-854C-A3AB037EF67F}.Debug|x64.ActiveCfg = Debug|x64
		{E3959A5F-87AE-4189-854C-A3AB037EF67F}.Debug|x64.Build.0 = Debug|x64
		{E3959A5F-87AE-4189-854C-A3AB037EF67F}.Release|Any CPU.ActiveCfg = Release|Any CPU
		{E3959A5F-87AE-4189-854C-A3AB037EF67F}.Release|Any CPU.Build.0 = Release|Any CPU
		{E3959A5F-87AE-4189-854C-A3AB037EF67F}.Release|x64.ActiveCfg = Release|x64
		{E3959A5F-87AE-4189-854C-A3AB037EF67F}.Release|x64.Build.0 = Release|x64
		{7112B0A9-0309-4404-81BF-DC33A82E7BFA}.Debug|Any CPU.ActiveCfg = Debug|Any CPU
		{7112B0A9-0309-4404-81BF-DC33A82E7BFA}.Debug|Any CPU.Build.0 = Debug|Any CPU
		{7112B0A9-0309-4404-81BF-DC33A82E7BFA}.Debug|x64.ActiveCfg = Debug|x64
		{7112B0A9-0309-4404-81BF-DC33A82E7BFA}.Debug|x64.Build.0 = Debug|x64
		{7112B0A9-0309-4404-81BF-DC33A82E7BFA}.Release|Any CPU.ActiveCfg = Release|Any CPU
		{7112B0A9-0309-4404-81BF-DC33A82E7BFA}.Release|Any CPU.Build.0 = Release|Any CPU
		{7112B0A9-0309-4404-81BF-DC33A82E7BFA}.Release|x64.ActiveCfg = Release|x64
		{7112B0A9-0309-4404-81BF-DC33A82E7BFA}.Release|x64.Build.0 = Release|x64
		{ABF1ADDB-C8DC-4AA4-BFEA-C8680C3905CA}.Debug|Any CPU.ActiveCfg = Debug|Any CPU
		{ABF1ADDB-C8DC-4AA4-BFEA-C8680C3905CA}.Debug|Any CPU.Build.0 = Debug|Any CPU
		{ABF1ADDB-C8DC-4AA4-BFEA-C8680C3905CA}.Debug|x64.ActiveCfg = Debug|x64
		{ABF1ADDB-C8DC-4AA4-BFEA-C8680C3905CA}.Debug|x64.Build.0 = Debug|x64
		{ABF1ADDB-C8DC-4AA4-BFEA-C8680C3905CA}.Release|Any CPU.ActiveCfg = Release|Any CPU
		{ABF1ADDB-C8DC-4AA4-BFEA-C8680C3905CA}.Release|Any CPU.Build.0 = Release|Any CPU
		{ABF1ADDB-C8DC-4AA4-BFEA-C8680C3905CA}.Release|x64.ActiveCfg = Release|x64
		{ABF1ADDB-C8DC-4AA4-BFEA-C8680C3905CA}.Release|x64.Build.0 = Release|x64
	EndGlobalSection
	GlobalSection(SolutionProperties) = preSolution
		HideSolutionNode = FALSE
	EndGlobalSection
	GlobalSection(ExtensibilityGlobals) = postSolution
		SolutionGuid = {53F5E342-C980-4474-8CC4-569EE62CE9BB}
	EndGlobalSection
EndGlobal
